// !$*UTF8*$!
{
	archiveVersion = 1;
	classes = {
	};
	objectVersion = 46;
	objects = {

/* Begin PBXBuildFile section */
		A46248581E08C2260056F870 /* main.m in Sources */ = {isa = PBXBuildFile; fileRef = A46248571E08C2260056F870 /* main.m */; };
		A46248631E08C2260056F870 /* Assets.xcassets in Resources */ = {isa = PBXBuildFile; fileRef = A46248621E08C2260056F870 /* Assets.xcassets */; };
		A46248661E08C2260056F870 /* LaunchScreen.storyboard in Resources */ = {isa = PBXBuildFile; fileRef = A46248641E08C2260056F870 /* LaunchScreen.storyboard */; };
		A46248751E08C2340056F870 /* publicSessionMenu.png in Resources */ = {isa = PBXBuildFile; fileRef = A462486D1E08C2340056F870 /* publicSessionMenu.png */; };
		A46248761E08C2340056F870 /* AppDelegate.m in Sources */ = {isa = PBXBuildFile; fileRef = A462486F1E08C2340056F870 /* AppDelegate.m */; };
		A46248771E08C2340056F870 /* JYPopMenu.m in Sources */ = {isa = PBXBuildFile; fileRef = A46248711E08C2340056F870 /* JYPopMenu.m */; };
		A46248781E08C2340056F870 /* ViewController.m in Sources */ = {isa = PBXBuildFile; fileRef = A46248731E08C2340056F870 /* ViewController.m */; };
		A46248791E08C2340056F870 /* Main.storyboard in Resources */ = {isa = PBXBuildFile; fileRef = A46248741E08C2340056F870 /* Main.storyboard */; };
/* End PBXBuildFile section */

/* Begin PBXFileReference section */
		A46248531E08C2260056F870 /* JYPopMenu.app */ = {isa = PBXFileReference; explicitFileType = wrapper.application; includeInIndex = 0; path = JYPopMenu.app; sourceTree = BUILT_PRODUCTS_DIR; };
		A46248571E08C2260056F870 /* main.m */ = {isa = PBXFileReference; lastKnownFileType = sourcecode.c.objc; path = main.m; sourceTree = "<group>"; };
		A46248621E08C2260056F870 /* Assets.xcassets */ = {isa = PBXFileReference; lastKnownFileType = folder.assetcatalog; path = Assets.xcassets; sourceTree = "<group>"; };
		A46248651E08C2260056F870 /* Base */ = {isa = PBXFileReference; lastKnownFileType = file.storyboard; name = Base; path = Base.lproj/LaunchScreen.storyboard; sourceTree = "<group>"; };
		A46248671E08C2260056F870 /* Info.plist */ = {isa = PBXFileReference; lastKnownFileType = text.plist.xml; path = Info.plist; sourceTree = "<group>"; };
		A462486D1E08C2340056F870 /* publicSessionMenu.png */ = {isa = PBXFileReference; lastKnownFileType = image.png; path = publicSessionMenu.png; sourceTree = "<group>"; };
		A462486E1E08C2340056F870 /* AppDelegate.h */ = {isa = PBXFileReference; fileEncoding = 4; lastKnownFileType = sourcecode.c.h; path = AppDelegate.h; sourceTree = "<group>"; };
		A462486F1E08C2340056F870 /* AppDelegate.m */ = {isa = PBXFileReference; fileEncoding = 4; lastKnownFileType = sourcecode.c.objc; path = AppDelegate.m; sourceTree = "<group>"; };
		A46248701E08C2340056F870 /* JYPopMenu.h */ = {isa = PBXFileReference; fileEncoding = 4; lastKnownFileType = sourcecode.c.h; path = JYPopMenu.h; sourceTree = "<group>"; };
		A46248711E08C2340056F870 /* JYPopMenu.m */ = {isa = PBXFileReference; fileEncoding = 4; lastKnownFileType = sourcecode.c.objc; path = JYPopMenu.m; sourceTree = "<group>"; };
		A46248721E08C2340056F870 /* ViewController.h */ = {isa = PBXFileReference; fileEncoding = 4; lastKnownFileType = sourcecode.c.h; path = ViewController.h; sourceTree = "<group>"; };
		A46248731E08C2340056F870 /* ViewController.m */ = {isa = PBXFileReference; fileEncoding = 4; lastKnownFileType = sourcecode.c.objc; path = ViewController.m; sourceTree = "<group>"; };
		A46248741E08C2340056F870 /* Main.storyboard */ = {isa = PBXFileReference; fileEncoding = 4; lastKnownFileType = file.storyboard; path = Main.storyboard; sourceTree = "<group>"; };
/* End PBXFileReference section */

/* Begin PBXFrameworksBuildPhase section */
		A46248501E08C2260056F870 /* Frameworks */ = {
			isa = PBXFrameworksBuildPhase;
			buildActionMask = 2147483647;
			files = (
			);
			runOnlyForDeploymentPostprocessing = 0;
		};
/* End PBXFrameworksBuildPhase section */

/* Begin PBXGroup section */
		A462484A1E08C2260056F870 = {
			isa = PBXGroup;
			children = (
				A46248551E08C2260056F870 /* JYPopMenu */,
				A46248541E08C2260056F870 /* Products */,
			);
			sourceTree = "<group>";
		};
		A46248541E08C2260056F870 /* Products */ = {
			isa = PBXGroup;
			children = (
				A46248531E08C2260056F870 /* JYPopMenu.app */,
			);
			name = Products;
			sourceTree = "<group>";
		};
		A46248551E08C2260056F870 /* JYPopMenu */ = {
			isa = PBXGroup;
			children = (
				A462486D1E08C2340056F870 /* publicSessionMenu.png */,
				A462486E1E08C2340056F870 /* AppDelegate.h */,
				A462486F1E08C2340056F870 /* AppDelegate.m */,
				A46248701E08C2340056F870 /* JYPopMenu.h */,
				A46248711E08C2340056F870 /* JYPopMenu.m */,
				A46248721E08C2340056F870 /* ViewController.h */,
				A46248731E08C2340056F870 /* ViewController.m */,
				A46248741E08C2340056F870 /* Main.storyboard */,
				A46248621E08C2260056F870 /* Assets.xcassets */,
				A46248641E08C2260056F870 /* LaunchScreen.storyboard */,
				A46248671E08C2260056F870 /* Info.plist */,
				A46248561E08C2260056F870 /* Supporting Files */,
			);
			path = JYPopMenu;
			sourceTree = "<group>";
		};
		A46248561E08C2260056F870 /* Supporting Files */ = {
			isa = PBXGroup;
			children = (
				A46248571E08C2260056F870 /* main.m */,
			);
			name = "Supporting Files";
			sourceTree = "<group>";
		};
/* End PBXGroup section */

/* Begin PBXNativeTarget section */
		A46248521E08C2260056F870 /* JYPopMenu */ = {
			isa = PBXNativeTarget;
			buildConfigurationList = A462486A1E08C2260056F870 /* Build configuration list for PBXNativeTarget "JYPopMenu" */;
			buildPhases = (
				A462484F1E08C2260056F870 /* Sources */,
				A46248501E08C2260056F870 /* Frameworks */,
				A46248511E08C2260056F870 /* Resources */,
			);
			buildRules = (
			);
			dependencies = (
			);
			name = JYPopMenu;
			productName = JYPopMenu;
			productReference = A46248531E08C2260056F870 /* JYPopMenu.app */;
			productType = "com.apple.product-type.application";
		};
/* End PBXNativeTarget section */

/* Begin PBXProject section */
		A462484B1E08C2260056F870 /* Project object */ = {
			isa = PBXProject;
			attributes = {
				LastUpgradeCheck = 0800;
				ORGANIZATIONNAME = sun;
				TargetAttributes = {
					A46248521E08C2260056F870 = {
						CreatedOnToolsVersion = 8.0;
						ProvisioningStyle = Automatic;
					};
				};
			};
			buildConfigurationList = A462484E1E08C2260056F870 /* Build configuration list for PBXProject "JYPopMenu" */;
			compatibilityVersion = "Xcode 3.2";
			developmentRegion = English;
			hasScannedForEncodings = 0;
			knownRegions = (
				en,
				Base,
			);
			mainGroup = A462484A1E08C2260056F870;
			productRefGroup = A46248541E08C2260056F870 /* Products */;
			projectDirPath = "";
			projectRoot = "";
			targets = (
				A46248521E08C2260056F870 /* JYPopMenu */,
			);
		};
/* End PBXProject section */

/* Begin PBXResourcesBuildPhase section */
		A46248511E08C2260056F870 /* Resources */ = {
			isa = PBXResourcesBuildPhase;
			buildActionMask = 2147483647;
			files = (
				A46248661E08C2260056F870 /* LaunchScreen.storyboard in Resources */,
				A46248631E08C2260056F870 /* Assets.xcassets in Resources */,
				A46248751E08C2340056F870 /* publicSessionMenu.png in Resources */,
				A46248791E08C2340056F870 /* Main.storyboard in Resources */,
			);
			runOnlyForDeploymentPostprocessing = 0;
		};
/* End PBXResourcesBuildPhase section */

/* Begin PBXSourcesBuildPhase section */
		A462484F1E08C2260056F870 /* Sources */ = {
			isa = PBXSourcesBuildPhase;
			buildActionMask = 2147483647;
			files = (
				A46248761E08C2340056F870 /* AppDelegate.m in Sources */,
				A46248771E08C2340056F870 /* JYPopMenu.m in Sources */,
				A46248781E08C2340056F870 /* ViewController.m in Sources */,
				A46248581E08C2260056F870 /* main.m in Sources */,
			);
			runOnlyForDeploymentPostprocessing = 0;
		};
/* End PBXSourcesBuildPhase section */

/* Begin PBXVariantGroup section */
		A46248641E08C2260056F870 /* LaunchScreen.storyboard */ = {
			isa = PBXVariantGroup;
			children = (
				A46248651E08C2260056F870 /* Base */,
			);
			name = LaunchScreen.storyboard;
			sourceTree = "<group>";
		};
/* End PBXVariantGroup section */

/* Begin XCBuildConfiguration section */
		A46248681E08C2260056F870 /* Debug */ = {
			isa = XCBuildConfiguration;
			buildSettings = {
				ALWAYS_SEARCH_USER_PATHS = NO;
				CLANG_ANALYZER_NONNULL = YES;
				CLANG_CXX_LANGUAGE_STANDARD = "gnu++0x";
				CLANG_CXX_LIBRARY = "libc++";
				CLANG_ENABLE_MODULES = YES;
				CLANG_ENABLE_OBJC_ARC = YES;
				CLANG_WARN_BOOL_CONVERSION = YES;
				CLANG_WARN_CONSTANT_CONVERSION = YES;
				CLANG_WARN_DIRECT_OBJC_ISA_USAGE = YES_ERROR;
				CLANG_WARN_DOCUMENTATION_COMMENTS = YES;
				CLANG_WARN_EMPTY_BODY = YES;
				CLANG_WARN_ENUM_CONVERSION = YES;
				CLANG_WARN_INFINITE_RECURSION = YES;
				CLANG_WARN_INT_CONVERSION = YES;
				CLANG_WARN_OBJC_ROOT_CLASS = YES_ERROR;
				CLANG_WARN_SUSPICIOUS_MOVES = YES;
				CLANG_WARN_UNREACHABLE_CODE = YES;
				CLANG_WARN__DUPLICATE_METHOD_MATCH = YES;
				"CODE_SIGN_IDENTITY[sdk=iphoneos*]" = "iPhone Developer";
				COPY_PHASE_STRIP = NO;
				DEBUG_INFORMATION_FORMAT = dwarf;
				ENABLE_STRICT_OBJC_MSGSEND = YES;
				ENABLE_TESTABILITY = YES;
				GCC_C_LANGUAGE_STANDARD = gnu99;
				GCC_DYNAMIC_NO_PIC = NO;
				GCC_NO_COMMON_BLOCKS = YES;
				GCC_OPTIMIZATION_LEVEL = 0;
				GCC_PREPROCESSOR_DEFINITIONS = (
					"DEBUG=1",
					"$(inherited)",
				);
				GCC_WARN_64_TO_32_BIT_CONVERSION = YES;
				GCC_WARN_ABOUT_RETURN_TYPE = YES_ERROR;
				GCC_WARN_UNDECLARED_SELECTOR = YES;
				GCC_WARN_UNINITIALIZED_AUTOS = YES_AGGRESSIVE;
				GCC_WARN_UNUSED_FUNCTION = YES;
				GCC_WARN_UNUSED_VARIABLE = YES;
				IPHONEOS_DEPLOYMENT_TARGET = 10.0;
				MTL_ENABLE_DEBUG_INFO = YES;
				ONLY_ACTIVE_ARCH = YES;
				SDKROOT = iphoneos;
				TARGETED_DEVICE_FAMILY = "1,2";
			};
			name = Debug;
		};
		A46248691E08C2260056F870 /* Release */ = {
			isa = XCBuildConfiguration;
			buildSettings = {
				ALWAYS_SEARCH_USER_PATHS = NO;
				CLANG_ANALYZER_NONNULL = YES;
				CLANG_CXX_LANGUAGE_STANDARD = "gnu++0x";
				CLANG_CXX_LIBRARY = "libc++";
				CLANG_ENABLE_MODULES = YES;
				CLANG_ENABLE_OBJC_ARC = YES;
				CLANG_WARN_BOOL_CONVERSION = YES;
				CLANG_WARN_CONSTANT_CONVERSION = YES;
				CLANG_WARN_DIRECT_OBJC_ISA_USAGE = YES_ERROR;
				CLANG_WARN_DOCUMENTATION_COMMENTS = YES;
				CLANG_WARN_EMPTY_BODY = YES;
				CLANG_WARN_ENUM_CONVERSION = YES;
				CLANG_WARN_INFINITE_RECURSION = YES;
				CLANG_WARN_INT_CONVERSION = YES;
				CLANG_WARN_OBJC_ROOT_CLASS = YES_ERROR;
				CLANG_WARN_SUSPICIOUS_MOVES = YES;
				CLANG_WARN_UNREACHABLE_CODE = YES;
				CLANG_WARN__DUPLICATE_METHOD_MATCH = YES;
				"CODE_SIGN_IDENTITY[sdk=iphoneos*]" = "iPhone Developer";
				COPY_PHASE_STRIP = NO;
				DEBUG_INFORMATION_FORMAT = "dwarf-with-dsym";
				ENABLE_NS_ASSERTIONS = NO;
				ENABLE_STRICT_OBJC_MSGSEND = YES;
				GCC_C_LANGUAGE_STANDARD = gnu99;
				GCC_NO_COMMON_BLOCKS = YES;
				GCC_WARN_64_TO_32_BIT_CONVERSION = YES;
				GCC_WARN_ABOUT_RETURN_TYPE = YES_ERROR;
				GCC_WARN_UNDECLARED_SELECTOR = YES;
				GCC_WARN_UNINITIALIZED_AUTOS = YES_AGGRESSIVE;
				GCC_WARN_UNUSED_FUNCTION = YES;
				GCC_WARN_UNUSED_VARIABLE = YES;
				IPHONEOS_DEPLOYMENT_TARGET = 10.0;
				MTL_ENABLE_DEBUG_INFO = NO;
				SDKROOT = iphoneos;
				TARGETED_DEVICE_FAMILY = "1,2";
				VALIDATE_PRODUCT = YES;
			};
			name = Release;
		};
		A462486B1E08C2260056F870 /* Debug */ = {
			isa = XCBuildConfiguration;
			buildSettings = {
				ASSETCATALOG_COMPILER_APPICON_NAME = AppIcon;
				INFOPLIST_FILE = JYPopMenu/Info.plist;
				LD_RUNPATH_SEARCH_PATHS = "$(inherited) @executable_path/Frameworks";
				PRODUCT_BUNDLE_IDENTIFIER = sun.JYPopMenu;
				PRODUCT_NAME = "$(TARGET_NAME)";
			};
			name = Debug;
		};
		A462486C1E08C2260056F870 /* Release */ = {
			isa = XCBuildConfiguration;
			buildSettings = {
				ASSETCATALOG_COMPILER_APPICON_NAME = AppIcon;
				INFOPLIST_FILE = JYPopMenu/Info.plist;
				LD_RUNPATH_SEARCH_PATHS = "$(inherited) @executable_path/Frameworks";
				PRODUCT_BUNDLE_IDENTIFIER = sun.JYPopMenu;
				PRODUCT_NAME = "$(TARGET_NAME)";
			};
			name = Release;
		};
/* End XCBuildConfiguration section */

/* Begin XCConfigurationList section */
		A462484E1E08C2260056F870 /* Build configuration list for PBXProject "JYPopMenu" */ = {
			isa = XCConfigurationList;
			buildConfigurations = (
				A46248681E08C2260056F870 /* Debug */,
				A46248691E08C2260056F870 /* Release */,
			);
			defaultConfigurationIsVisible = 0;
			defaultConfigurationName = Release;
		};
		A462486A1E08C2260056F870 /* Build configuration list for PBXNativeTarget "JYPopMenu" */ = {
			isa = XCConfigurationList;
			buildConfigurations = (
				A462486B1E08C2260056F870 /* Debug */,
				A462486C1E08C2260056F870 /* Release */,
			);
			defaultConfigurationIsVisible = 0;
		};
/* End XCConfigurationList section */
	};
	rootObject = A462484B1E08C2260056F870 /* Project object */;
}
